
Microsoft Visual Studio Solution File, Format Version 12.00
# Visual Studio Version 17
VisualStudioVersion = 17.8.34525.116
MinimumVisualStudioVersion = 10.0.40219.1
Project("{FAE04EC0-301F-11D3-BF4B-00C04F79EFBC}") = "EserS6L", "EserS6L\EserS6L.csproj", "{FD5AFFCB-6740-483C-8E86-7523611E88F0}"
EndProject
Global
	GlobalSection(SolutionConfigurationPlatforms) = preSolution
		Debug|Any CPU = Debug|Any CPU
		Release|Any CPU = Release|Any CPU
	EndGlobalSection
	GlobalSection(ProjectConfigurationPlatforms) = postSolution
		{FD5AFFCB-6740-483C-8E86-7523611E88F0}.Debug|Any CPU.ActiveCfg = Debug|Any CPU
		{FD5AFFCB-6740-483C-8E86-7523611E88F0}.Debug|Any CPU.Build.0 = Debug|Any CPU
		{FD5AFFCB-6740-483C-8E86-7523611E88F0}.Release|Any CPU.ActiveCfg = Release|Any CPU
		{FD5AFFCB-6740-483C-8E86-7523611E88F0}.Release|Any CPU.Build.0 = Release|Any CPU
	EndGlobalSection
	GlobalSection(SolutionProperties) = preSolution
		HideSolutionNode = FALSE
	EndGlobalSection
	GlobalSection(ExtensibilityGlobals) = postSolution
		SolutionGuid = {19B00B80-4EB4-4B40-BAAB-246BBD4B5950}
	EndGlobalSection
EndGlobal
